# This is a Gradle generated file for dependency locking.
# Manual edits can break the build and are not advised.
# This file is expected to be part of source control.
com.fasterxml.jackson.core:jackson-annotations:2.13.4=minecraftLibraries
com.fasterxml.jackson.core:jackson-core:2.13.4=minecraftLibraries
com.fasterxml.jackson.core:jackson-databind:2.13.4.2=minecraftLibraries
com.github.oshi:oshi-core:6.6.5=minecraftLibraries
com.github.stephenc.jcip:jcip-annotations:1.0-1=minecraftLibraries
com.google.code.gson:gson:2.11.0=minecraftLibraries
com.google.guava:failureaccess:1.0.2=minecraftLibraries
com.google.guava:guava:33.3.1-jre=minecraftLibraries
com.ibm.icu:icu4j:76.1=minecraftLibraries
com.microsoft.azure:msal4j:1.17.2=minecraftLibraries
com.mojang:authlib:7.0.61=minecraftLibraries
com.mojang:blocklist:1.0.10=minecraftLibraries
com.mojang:brigadier:1.3.10=minecraftLibraries
com.mojang:datafixerupper:8.0.16=minecraftLibraries
com.mojang:jtracy:1.0.36=minecraftLibraries
com.mojang:logging:1.5.10=minecraftLibraries
com.mojang:patchy:2.2.10=minecraftLibraries
com.mojang:text2speech:1.18.11=minecraftLibraries
com.nimbusds:content-type:2.3=minecraftLibraries
com.nimbusds:lang-tag:1.7=minecraftLibraries
com.nimbusds:nimbus-jose-jwt:9.40=minecraftLibraries
com.nimbusds:oauth2-oidc-sdk:11.18=minecraftLibraries
commons-codec:commons-codec:1.17.1=minecraftLibraries
commons-io:commons-io:2.17.0=minecraftLibraries
commons-logging:commons-logging:1.3.4=minecraftLibraries
io.netty:netty-buffer:4.1.118.Final=minecraftLibraries
io.netty:netty-codec-http:4.1.118.Final=minecraftLibraries
io.netty:netty-codec:4.1.118.Final=minecraftLibraries
io.netty:netty-common:4.1.118.Final=minecraftLibraries
io.netty:netty-handler:4.1.118.Final=minecraftLibraries
io.netty:netty-resolver:4.1.118.Final=minecraftLibraries
io.netty:netty-transport-classes-epoll:4.1.118.Final=minecraftLibraries
io.netty:netty-transport-native-epoll:4.1.118.Final=minecraftLibraries
io.netty:netty-transport-native-unix-common:4.1.118.Final=minecraftLibraries
io.netty:netty-transport:4.1.118.Final=minecraftLibraries
it.unimi.dsi:fastutil:8.5.15=minecraftLibraries
net.fabricmc.fabric-api:fabric-api-base:1.0.0+14b92d896f=modImplementation,modImplementationCopy,modImplementationCopy10,modImplementationCopy11,modImplementationCopy12,modImplementationCopy13,modImplementationCopy14,modImplementationCopy15,modImplementationCopy16,modImplementationCopy17,modImplementationCopy18,modImplementationCopy19,modImplementationCopy2,modImplementationCopy20,modImplementationCopy21,modImplementationCopy22,modImplementationCopy23,modImplementationCopy3,modImplementationCopy4,modImplementationCopy5,modImplementationCopy6,modImplementationCopy7,modImplementationCopy8,modImplementationCopy9
net.fabricmc.fabric-api:fabric-api-deprecated:0.138.3+1.21.10=modImplementation,modImplementationCopy,modImplementationCopy10,modImplementationCopy11,modImplementationCopy12,modImplementationCopy13,modImplementationCopy14,modImplementationCopy15,modImplementationCopy16,modImplementationCopy17,modImplementationCopy18,modImplementationCopy19,modImplementationCopy2,modImplementationCopy20,modImplementationCopy21,modImplementationCopy22,modImplementationCopy23,modImplementationCopy3,modImplementationCopy4,modImplementationCopy5,modImplementationCopy6,modImplementationCopy7,modImplementationCopy8,modImplementationCopy9
net.fabricmc.fabric-api:fabric-api-lookup-api-v1:1.6.106+d17682156f=modImplementation,modImplementationCopy,modImplementationCopy10,modImplementationCopy11,modImplementationCopy12,modImplementationCopy13,modImplementationCopy14,modImplementationCopy15,modImplementationCopy16,modImplementationCopy17,modImplementationCopy18,modImplementationCopy19,modImplementationCopy2,modImplementationCopy20,modImplementationCopy21,modImplementationCopy22,modImplementationCopy23,modImplementationCopy3,modImplementationCopy4,modImplementationCopy5,modImplementationCopy6,modImplementationCopy7,modImplementationCopy8,modImplementationCopy9
net.fabricmc.fabric-api:fabric-api:0.138.3+1.21.10=modImplementation,modImplementationCopy,modImplementationCopy10,modImplementationCopy11,modImplementationCopy12,modImplementationCopy13,modImplementationCopy14,modImplementationCopy15,modImplementationCopy16,modImplementationCopy17,modImplementationCopy18,modImplementationCopy19,modImplementationCopy2,modImplementationCopy20,modImplementationCopy21,modImplementationCopy22,modImplementationCopy23,modImplementationCopy3,modImplementationCopy4,modImplementationCopy5,modImplementationCopy6,modImplementationCopy7,modImplementationCopy8,modImplementationCopy9
net.fabricmc.fabric-api:fabric-biome-api-v1:16.1.0+c2417d4f6f=modImplementation,modImplementationCopy,modImplementationCopy10,modImplementationCopy11,modImplementationCopy12,modImplementationCopy13,modImplementationCopy14,modImplementationCopy15,modImplementationCopy16,modImplementationCopy17,modImplementationCopy18,modImplementationCopy19,modImplementationCopy2,modImplementationCopy20,modImplementationCopy21,modImplementationCopy22,modImplementationCopy23,modImplementationCopy3,modImplementationCopy4,modImplementationCopy5,modImplementationCopy6,modImplementationCopy7,modImplementationCopy8,modImplementationCopy9
net.fabricmc.fabric-api:fabric-block-api-v1:1.1.5+d17682156f=modImplementation,modImplementationCopy,modImplementationCopy10,modImplementationCopy11,modImplementationCopy12,modImplementationCopy13,modImplementationCopy14,modImplementationCopy15,modImplementationCopy16,modImplementationCopy17,modImplementationCopy18,modImplementationCopy19,modImplementationCopy2,modImplementationCopy20,modImplementationCopy21,modImplementationCopy22,modImplementationCopy23,modImplementationCopy3,modImplementationCopy4,modImplementationCopy5,modImplementationCopy6,modImplementationCopy7,modImplementationCopy8,modImplementationCopy9
net.fabricmc.fabric-api:fabric-block-view-api-v2:1.0.34+e4fd1b926f=modImplementation,modImplementationCopy,modImplementationCopy10,modImplementationCopy11,modImplementationCopy12,modImplementationCopy13,modImplementationCopy14,modImplementationCopy15,modImplementationCopy16,modImplementationCopy17,modImplementationCopy18,modImplementationCopy19,modImplementationCopy2,modImplementationCopy20,modImplementationCopy21,modImplementationCopy22,modImplementationCopy23,modImplementationCopy3,modImplementationCopy4,modImplementationCopy5,modImplementationCopy6,modImplementationCopy7,modImplementationCopy8,modImplementationCopy9
net.fabricmc.fabric-api:fabric-client-gametest-api-v1:4.2.13+14b92d896f=modImplementation,modImplementationCopy,modImplementationCopy10,modImplementationCopy11,modImplementationCopy12,modImplementationCopy13,modImplementationCopy14,modImplementationCopy15,modImplementationCopy16,modImplementationCopy17,modImplementationCopy18,modImplementationCopy19,modImplementationCopy2,modImplementationCopy20,modImplementationCopy21,modImplementationCopy22,modImplementationCopy23,modImplementationCopy3,modImplementationCopy4,modImplementationCopy5,modImplementationCopy6,modImplementationCopy7,modImplementationCopy8,modImplementationCopy9
net.fabricmc.fabric-api:fabric-command-api-v2:2.4.0+c0ab2d5d6f=modImplementation,modImplementationCopy,modImplementationCopy10,modImplementationCopy11,modImplementationCopy12,modImplementationCopy13,modImplementationCopy14,modImplementationCopy15,modImplementationCopy16,modImplementationCopy17,modImplementationCopy18,modImplementationCopy19,modImplementationCopy2,modImplementationCopy20,modImplementationCopy21,modImplementationCopy22,modImplementationCopy23,modImplementationCopy3,modImplementationCopy4,modImplementationCopy5,modImplementationCopy6,modImplementationCopy7,modImplementationCopy8,modImplementationCopy9
net.fabricmc.fabric-api:fabric-content-registries-v0:10.2.6+b6a242646f=modImplementation,modImplementationCopy,modImplementationCopy10,modImplementationCopy11,modImplementationCopy12,modImplementationCopy13,modImplementationCopy14,modImplementationCopy15,modImplementationCopy16,modImplementationCopy17,modImplementationCopy18,modImplementationCopy19,modImplementationCopy2,modImplementationCopy20,modImplementationCopy21,modImplementationCopy22,modImplementationCopy23,modImplementationCopy3,modImplementationCopy4,modImplementationCopy5,modImplementationCopy6,modImplementationCopy7,modImplementationCopy8,modImplementationCopy9
net.fabricmc.fabric-api:fabric-convention-tags-v1:2.1.49+7f945d5b6f=modImplementation,modImplementationCopy,modImplementationCopy10,modImplementationCopy11,modImplementationCopy12,modImplementationCopy13,modImplementationCopy14,modImplementationCopy15,modImplementationCopy16,modImplementationCopy17,modImplementationCopy18,modImplementationCopy19,modImplementationCopy2,modImplementationCopy20,modImplementationCopy21,modImplementationCopy22,modImplementationCopy23,modImplementationCopy3,modImplementationCopy4,modImplementationCopy5,modImplementationCopy6,modImplementationCopy7,modImplementationCopy8,modImplementationCopy9
net.fabricmc.fabric-api:fabric-convention-tags-v2:2.17.0+ff7bc77d6f=modImplementation,modImplementationCopy,modImplementationCopy10,modImplementationCopy11,modImplementationCopy12,modImplementationCopy13,modImplementationCopy14,modImplementationCopy15,modImplementationCopy16,modImplementationCopy17,modImplementationCopy18,modImplementationCopy19,modImplementationCopy2,modImplementationCopy20,modImplementationCopy21,modImplementationCopy22,modImplementationCopy23,modImplementationCopy3,modImplementationCopy4,modImplementationCopy5,modImplementationCopy6,modImplementationCopy7,modImplementationCopy8,modImplementationCopy9
net.fabricmc.fabric-api:fabric-crash-report-info-v1:0.3.18+33df5e6e6f=modImplementation,modImplementationCopy,modImplementationCopy10,modImplementationCopy11,modImplementationCopy12,modImplementationCopy13,modImplementationCopy14,modImplementationCopy15,modImplementationCopy16,modImplementationCopy17,modImplementationCopy18,modImplementationCopy19,modImplementationCopy2,modImplementationCopy20,modImplementationCopy21,modImplementationCopy22,modImplementationCopy23,modImplementationCopy3,modImplementationCopy4,modImplementationCopy5,modImplementationCopy6,modImplementationCopy7,modImplementationCopy8,modImplementationCopy9
net.fabricmc.fabric-api:fabric-data-attachment-api-v1:1.8.33+cd3b9e596f=modImplementation,modImplementationCopy,modImplementationCopy10,modImplementationCopy11,modImplementationCopy12,modImplementationCopy13,modImplementationCopy14,modImplementationCopy15,modImplementationCopy16,modImplementationCopy17,modImplementationCopy18,modImplementationCopy19,modImplementationCopy2,modImplementationCopy20,modImplementationCopy21,modImplementationCopy22,modImplementationCopy23,modImplementationCopy3,modImplementationCopy4,modImplementationCopy5,modImplementationCopy6,modImplementationCopy7,modImplementationCopy8,modImplementationCopy9
net.fabricmc.fabric-api:fabric-data-generation-api-v1:23.2.27+d8b85ef16f=modImplementation,modImplementationCopy,modImplementationCopy10,modImplementationCopy11,modImplementationCopy12,modImplementationCopy13,modImplementationCopy14,modImplementationCopy15,modImplementationCopy16,modImplementationCopy17,modImplementationCopy18,modImplementationCopy19,modImplementationCopy2,modImplementationCopy20,modImplementationCopy21,modImplementationCopy22,modImplementationCopy23,modImplementationCopy3,modImplementationCopy4,modImplementationCopy5,modImplementationCopy6,modImplementationCopy7,modImplementationCopy8,modImplementationCopy9
net.fabricmc.fabric-api:fabric-dimensions-v1:4.0.22+38b9cc196f=modImplementation,modImplementationCopy,modImplementationCopy10,modImplementationCopy11,modImplementationCopy12,modImplementationCopy13,modImplementationCopy14,modImplementationCopy15,modImplementationCopy16,modImplementationCopy17,modImplementationCopy18,modImplementationCopy19,modImplementationCopy2,modImplementationCopy20,modImplementationCopy21,modImplementationCopy22,modImplementationCopy23,modImplementationCopy3,modImplementationCopy4,modImplementationCopy5,modImplementationCopy6,modImplementationCopy7,modImplementationCopy8,modImplementationCopy9
net.fabricmc.fabric-api:fabric-entity-events-v1:2.1.13+fde3702c6f=modImplementation,modImplementationCopy,modImplementationCopy10,modImplementationCopy11,modImplementationCopy12,modImplementationCopy13,modImplementationCopy14,modImplementationCopy15,modImplementationCopy16,modImplementationCopy17,modImplementationCopy18,modImplementationCopy19,modImplementationCopy2,modImplementationCopy20,modImplementationCopy21,modImplementationCopy22,modImplementationCopy23,modImplementationCopy3,modImplementationCopy4,modImplementationCopy5,modImplementationCopy6,modImplementationCopy7,modImplementationCopy8,modImplementationCopy9
net.fabricmc.fabric-api:fabric-events-interaction-v0:4.0.36+5ba217126f=modImplementation,modImplementationCopy,modImplementationCopy10,modImplementationCopy11,modImplementationCopy12,modImplementationCopy13,modImplementationCopy14,modImplementationCopy15,modImplementationCopy16,modImplementationCopy17,modImplementationCopy18,modImplementationCopy19,modImplementationCopy2,modImplementationCopy20,modImplementationCopy21,modImplementationCopy22,modImplementationCopy23,modImplementationCopy3,modImplementationCopy4,modImplementationCopy5,modImplementationCopy6,modImplementationCopy7,modImplementationCopy8,modImplementationCopy9
net.fabricmc.fabric-api:fabric-game-rule-api-v1:1.1.1+e47eaae56f=modImplementation,modImplementationCopy,modImplementationCopy10,modImplementationCopy11,modImplementationCopy12,modImplementationCopy13,modImplementationCopy14,modImplementationCopy15,modImplementationCopy16,modImplementationCopy17,modImplementationCopy18,modImplementationCopy19,modImplementationCopy2,modImplementationCopy20,modImplementationCopy21,modImplementationCopy22,modImplementationCopy23,modImplementationCopy3,modImplementationCopy4,modImplementationCopy5,modImplementationCopy6,modImplementationCopy7,modImplementationCopy8,modImplementationCopy9
net.fabricmc.fabric-api:fabric-gametest-api-v1:3.1.21+33df5e6e6f=modImplementation,modImplementationCopy,modImplementationCopy10,modImplementationCopy11,modImplementationCopy12,modImplementationCopy13,modImplementationCopy14,modImplementationCopy15,modImplementationCopy16,modImplementationCopy17,modImplementationCopy18,modImplementationCopy19,modImplementationCopy2,modImplementationCopy20,modImplementationCopy21,modImplementationCopy22,modImplementationCopy23,modImplementationCopy3,modImplementationCopy4,modImplementationCopy5,modImplementationCopy6,modImplementationCopy7,modImplementationCopy8,modImplementationCopy9
net.fabricmc.fabric-api:fabric-item-api-v1:11.5.11+9bce411b6f=modImplementation,modImplementationCopy,modImplementationCopy10,modImplementationCopy11,modImplementationCopy12,modImplementationCopy13,modImplementationCopy14,modImplementationCopy15,modImplementationCopy16,modImplementationCopy17,modImplementationCopy18,modImplementationCopy19,modImplementationCopy2,modImplementationCopy20,modImplementationCopy21,modImplementationCopy22,modImplementationCopy23,modImplementationCopy3,modImplementationCopy4,modImplementationCopy5,modImplementationCopy6,modImplementationCopy7,modImplementationCopy8,modImplementationCopy9
net.fabricmc.fabric-api:fabric-item-group-api-v1:4.2.27+86b3ae576f=modImplementation,modImplementationCopy,modImplementationCopy10,modImplementationCopy11,modImplementationCopy12,modImplementationCopy13,modImplementationCopy14,modImplementationCopy15,modImplementationCopy16,modImplementationCopy17,modImplementationCopy18,modImplementationCopy19,modImplementationCopy2,modImplementationCopy20,modImplementationCopy21,modImplementationCopy22,modImplementationCopy23,modImplementationCopy3,modImplementationCopy4,modImplementationCopy5,modImplementationCopy6,modImplementationCopy7,modImplementationCopy8,modImplementationCopy9
net.fabricmc.fabric-api:fabric-key-binding-api-v1:1.1.1+b3ba9c486f=modImplementation,modImplementationCopy,modImplementationCopy10,modImplementationCopy11,modImplementationCopy12,modImplementationCopy13,modImplementationCopy14,modImplementationCopy15,modImplementationCopy16,modImplementationCopy17,modImplementationCopy18,modImplementationCopy19,modImplementationCopy2,modImplementationCopy20,modImplementationCopy21,modImplementationCopy22,modImplementationCopy23,modImplementationCopy3,modImplementationCopy4,modImplementationCopy5,modImplementationCopy6,modImplementationCopy7,modImplementationCopy8,modImplementationCopy9
net.fabricmc.fabric-api:fabric-lifecycle-events-v1:2.6.9+33df5e6e6f=modImplementation,modImplementationCopy,modImplementationCopy10,modImplementationCopy11,modImplementationCopy12,modImplementationCopy13,modImplementationCopy14,modImplementationCopy15,modImplementationCopy16,modImplementationCopy17,modImplementationCopy18,modImplementationCopy19,modImplementationCopy2,modImplementationCopy20,modImplementationCopy21,modImplementationCopy22,modImplementationCopy23,modImplementationCopy3,modImplementationCopy4,modImplementationCopy5,modImplementationCopy6,modImplementationCopy7,modImplementationCopy8,modImplementationCopy9
net.fabricmc.fabric-api:fabric-loot-api-v2:3.0.67+3f89f5a56f=modImplementation,modImplementationCopy,modImplementationCopy10,modImplementationCopy11,modImplementationCopy12,modImplementationCopy13,modImplementationCopy14,modImplementationCopy15,modImplementationCopy16,modImplementationCopy17,modImplementationCopy18,modImplementationCopy19,modImplementationCopy2,modImplementationCopy20,modImplementationCopy21,modImplementationCopy22,modImplementationCopy23,modImplementationCopy3,modImplementationCopy4,modImplementationCopy5,modImplementationCopy6,modImplementationCopy7,modImplementationCopy8,modImplementationCopy9
net.fabricmc.fabric-api:fabric-loot-api-v3:2.0.14+d17682156f=modImplementation,modImplementationCopy,modImplementationCopy10,modImplementationCopy11,modImplementationCopy12,modImplementationCopy13,modImplementationCopy14,modImplementationCopy15,modImplementationCopy16,modImplementationCopy17,modImplementationCopy18,modImplementationCopy19,modImplementationCopy2,modImplementationCopy20,modImplementationCopy21,modImplementationCopy22,modImplementationCopy23,modImplementationCopy3,modImplementationCopy4,modImplementationCopy5,modImplementationCopy6,modImplementationCopy7,modImplementationCopy8,modImplementationCopy9
net.fabricmc.fabric-api:fabric-message-api-v1:6.1.7+3154c1c86f=modImplementation,modImplementationCopy,modImplementationCopy10,modImplementationCopy11,modImplementationCopy12,modImplementationCopy13,modImplementationCopy14,modImplementationCopy15,modImplementationCopy16,modImplementationCopy17,modImplementationCopy18,modImplementationCopy19,modImplementationCopy2,modImplementationCopy20,modImplementationCopy21,modImplementationCopy22,modImplementationCopy23,modImplementationCopy3,modImplementationCopy4,modImplementationCopy5,modImplementationCopy6,modImplementationCopy7,modImplementationCopy8,modImplementationCopy9
net.fabricmc.fabric-api:fabric-model-loading-api-v1:6.0.4+3ffd6ef06f=modImplementation,modImplementationCopy,modImplementationCopy10,modImplementationCopy11,modImplementationCopy12,modImplementationCopy13,modImplementationCopy14,modImplementationCopy15,modImplementationCopy16,modImplementationCopy17,modImplementationCopy18,modImplementationCopy19,modImplementationCopy2,modImplementationCopy20,modImplementationCopy21,modImplementationCopy22,modImplementationCopy23,modImplementationCopy3,modImplementationCopy4,modImplementationCopy5,modImplementationCopy6,modImplementationCopy7,modImplementationCopy8,modImplementationCopy9
net.fabricmc.fabric-api:fabric-networking-api-v1:5.1.0+b095d8db6f=modImplementation,modImplementationCopy,modImplementationCopy10,modImplementationCopy11,modImplementationCopy12,modImplementationCopy13,modImplementationCopy14,modImplementationCopy15,modImplementationCopy16,modImplementationCopy17,modImplementationCopy18,modImplementationCopy19,modImplementationCopy2,modImplementationCopy20,modImplementationCopy21,modImplementationCopy22,modImplementationCopy23,modImplementationCopy3,modImplementationCopy4,modImplementationCopy5,modImplementationCopy6,modImplementationCopy7,modImplementationCopy8,modImplementationCopy9
net.fabricmc.fabric-api:fabric-object-builder-api-v1:21.1.28+9bce411b6f=modImplementation,modImplementationCopy,modImplementationCopy10,modImplementationCopy11,modImplementationCopy12,modImplementationCopy13,modImplementationCopy14,modImplementationCopy15,modImplementationCopy16,modImplementationCopy17,modImplementationCopy18,modImplementationCopy19,modImplementationCopy2,modImplementationCopy20,modImplementationCopy21,modImplementationCopy22,modImplementationCopy23,modImplementationCopy3,modImplementationCopy4,modImplementationCopy5,modImplementationCopy6,modImplementationCopy7,modImplementationCopy8,modImplementationCopy9
net.fabricmc.fabric-api:fabric-particles-v1:4.2.3+a0ee59a46f=modImplementation,modImplementationCopy,modImplementationCopy10,modImplementationCopy11,modImplementationCopy12,modImplementationCopy13,modImplementationCopy14,modImplementationCopy15,modImplementationCopy16,modImplementationCopy17,modImplementationCopy18,modImplementationCopy19,modImplementationCopy2,modImplementationCopy20,modImplementationCopy21,modImplementationCopy22,modImplementationCopy23,modImplementationCopy3,modImplementationCopy4,modImplementationCopy5,modImplementationCopy6,modImplementationCopy7,modImplementationCopy8,modImplementationCopy9
net.fabricmc.fabric-api:fabric-recipe-api-v1:8.2.0+39709ef06f=modImplementation,modImplementationCopy,modImplementationCopy10,modImplementationCopy11,modImplementationCopy12,modImplementationCopy13,modImplementationCopy14,modImplementationCopy15,modImplementationCopy16,modImplementationCopy17,modImplementationCopy18,modImplementationCopy19,modImplementationCopy2,modImplementationCopy20,modImplementationCopy21,modImplementationCopy22,modImplementationCopy23,modImplementationCopy3,modImplementationCopy4,modImplementationCopy5,modImplementationCopy6,modImplementationCopy7,modImplementationCopy8,modImplementationCopy9
net.fabricmc.fabric-api:fabric-registry-sync-v0:6.1.42+679c8c5c6f=modImplementation,modImplementationCopy,modImplementationCopy10,modImplementationCopy11,modImplementationCopy12,modImplementationCopy13,modImplementationCopy14,modImplementationCopy15,modImplementationCopy16,modImplementationCopy17,modImplementationCopy18,modImplementationCopy19,modImplementationCopy2,modImplementationCopy20,modImplementationCopy21,modImplementationCopy22,modImplementationCopy23,modImplementationCopy3,modImplementationCopy4,modImplementationCopy5,modImplementationCopy6,modImplementationCopy7,modImplementationCopy8,modImplementationCopy9
net.fabricmc.fabric-api:fabric-renderer-api-v1:7.2.2+3706cdf36f=modImplementation,modImplementationCopy,modImplementationCopy10,modImplementationCopy11,modImplementationCopy12,modImplementationCopy13,modImplementationCopy14,modImplementationCopy15,modImplementationCopy16,modImplementationCopy17,modImplementationCopy18,modImplementationCopy19,modImplementationCopy2,modImplementationCopy20,modImplementationCopy21,modImplementationCopy22,modImplementationCopy23,modImplementationCopy3,modImplementationCopy4,modImplementationCopy5,modImplementationCopy6,modImplementationCopy7,modImplementationCopy8,modImplementationCopy9
net.fabricmc.fabric-api:fabric-renderer-indigo:4.1.3+d7df91576f=modImplementation,modImplementationCopy,modImplementationCopy10,modImplementationCopy11,modImplementationCopy12,modImplementationCopy13,modImplementationCopy14,modImplementationCopy15,modImplementationCopy16,modImplementationCopy17,modImplementationCopy18,modImplementationCopy19,modImplementationCopy2,modImplementationCopy20,modImplementationCopy21,modImplementationCopy22,modImplementationCopy23,modImplementationCopy3,modImplementationCopy4,modImplementationCopy5,modImplementationCopy6,modImplementationCopy7,modImplementationCopy8,modImplementationCopy9
net.fabricmc.fabric-api:fabric-rendering-fluids-v1:3.1.38+86b3ae576f=modImplementation,modImplementationCopy,modImplementationCopy10,modImplementationCopy11,modImplementationCopy12,modImplementationCopy13,modImplementationCopy14,modImplementationCopy15,modImplementationCopy16,modImplementationCopy17,modImplementationCopy18,modImplementationCopy19,modImplementationCopy2,modImplementationCopy20,modImplementationCopy21,modImplementationCopy22,modImplementationCopy23,modImplementationCopy3,modImplementationCopy4,modImplementationCopy5,modImplementationCopy6,modImplementationCopy7,modImplementationCopy8,modImplementationCopy9
net.fabricmc.fabric-api:fabric-rendering-v1:16.2.0+bee81f016f=modImplementation,modImplementationCopy,modImplementationCopy10,modImplementationCopy11,modImplementationCopy12,modImplementationCopy13,modImplementationCopy14,modImplementationCopy15,modImplementationCopy16,modImplementationCopy17,modImplementationCopy18,modImplementationCopy19,modImplementationCopy2,modImplementationCopy20,modImplementationCopy21,modImplementationCopy22,modImplementationCopy23,modImplementationCopy3,modImplementationCopy4,modImplementationCopy5,modImplementationCopy6,modImplementationCopy7,modImplementationCopy8,modImplementationCopy9
net.fabricmc.fabric-api:fabric-resource-conditions-api-v1:5.0.28+33df5e6e6f=modImplementation,modImplementationCopy,modImplementationCopy10,modImplementationCopy11,modImplementationCopy12,modImplementationCopy13,modImplementationCopy14,modImplementationCopy15,modImplementationCopy16,modImplementationCopy17,modImplementationCopy18,modImplementationCopy19,modImplementationCopy2,modImplementationCopy20,modImplementationCopy21,modImplementationCopy22,modImplementationCopy23,modImplementationCopy3,modImplementationCopy4,modImplementationCopy5,modImplementationCopy6,modImplementationCopy7,modImplementationCopy8,modImplementationCopy9
net.fabricmc.fabric-api:fabric-resource-loader-v0:3.3.1+d4d4122a6f=modImplementation,modImplementationCopy,modImplementationCopy10,modImplementationCopy11,modImplementationCopy12,modImplementationCopy13,modImplementationCopy14,modImplementationCopy15,modImplementationCopy16,modImplementationCopy17,modImplementationCopy18,modImplementationCopy19,modImplementationCopy2,modImplementationCopy20,modImplementationCopy21,modImplementationCopy22,modImplementationCopy23,modImplementationCopy3,modImplementationCopy4,modImplementationCopy5,modImplementationCopy6,modImplementationCopy7,modImplementationCopy8,modImplementationCopy9
net.fabricmc.fabric-api:fabric-resource-loader-v1:1.0.4+14959b836f=modImplementation,modImplementationCopy,modImplementationCopy10,modImplementationCopy11,modImplementationCopy12,modImplementationCopy13,modImplementationCopy14,modImplementationCopy15,modImplementationCopy16,modImplementationCopy17,modImplementationCopy18,modImplementationCopy19,modImplementationCopy2,modImplementationCopy20,modImplementationCopy21,modImplementationCopy22,modImplementationCopy23,modImplementationCopy3,modImplementationCopy4,modImplementationCopy5,modImplementationCopy6,modImplementationCopy7,modImplementationCopy8,modImplementationCopy9
net.fabricmc.fabric-api:fabric-screen-api-v1:3.1.0+9c82a7986f=modImplementation,modImplementationCopy,modImplementationCopy10,modImplementationCopy11,modImplementationCopy12,modImplementationCopy13,modImplementationCopy14,modImplementationCopy15,modImplementationCopy16,modImplementationCopy17,modImplementationCopy18,modImplementationCopy19,modImplementationCopy2,modImplementationCopy20,modImplementationCopy21,modImplementationCopy22,modImplementationCopy23,modImplementationCopy3,modImplementationCopy4,modImplementationCopy5,modImplementationCopy6,modImplementationCopy7,modImplementationCopy8,modImplementationCopy9
net.fabricmc.fabric-api:fabric-screen-handler-api-v1:1.3.151+d17682156f=modImplementation,modImplementationCopy,modImplementationCopy10,modImplementationCopy11,modImplementationCopy12,modImplementationCopy13,modImplementationCopy14,modImplementationCopy15,modImplementationCopy16,modImplementationCopy17,modImplementationCopy18,modImplementationCopy19,modImplementationCopy2,modImplementationCopy20,modImplementationCopy21,modImplementationCopy22,modImplementationCopy23,modImplementationCopy3,modImplementationCopy4,modImplementationCopy5,modImplementationCopy6,modImplementationCopy7,modImplementationCopy8,modImplementationCopy9
net.fabricmc.fabric-api:fabric-serialization-api-v1:1.0.0+d857c9766f=modImplementation,modImplementationCopy,modImplementationCopy10,modImplementationCopy11,modImplementationCopy12,modImplementationCopy13,modImplementationCopy14,modImplementationCopy15,modImplementationCopy16,modImplementationCopy17,modImplementationCopy18,modImplementationCopy19,modImplementationCopy2,modImplementationCopy20,modImplementationCopy21,modImplementationCopy22,modImplementationCopy23,modImplementationCopy3,modImplementationCopy4,modImplementationCopy5,modImplementationCopy6,modImplementationCopy7,modImplementationCopy8,modImplementationCopy9
net.fabricmc.fabric-api:fabric-sound-api-v1:1.0.45+328a75ba6f=modImplementation,modImplementationCopy,modImplementationCopy10,modImplementationCopy11,modImplementationCopy12,modImplementationCopy13,modImplementationCopy14,modImplementationCopy15,modImplementationCopy16,modImplementationCopy17,modImplementationCopy18,modImplementationCopy19,modImplementationCopy2,modImplementationCopy20,modImplementationCopy21,modImplementationCopy22,modImplementationCopy23,modImplementationCopy3,modImplementationCopy4,modImplementationCopy5,modImplementationCopy6,modImplementationCopy7,modImplementationCopy8,modImplementationCopy9
net.fabricmc.fabric-api:fabric-tag-api-v1:1.2.13+2fa446b26f=modImplementation,modImplementationCopy,modImplementationCopy10,modImplementationCopy11,modImplementationCopy12,modImplementationCopy13,modImplementationCopy14,modImplementationCopy15,modImplementationCopy16,modImplementationCopy17,modImplementationCopy18,modImplementationCopy19,modImplementationCopy2,modImplementationCopy20,modImplementationCopy21,modImplementationCopy22,modImplementationCopy23,modImplementationCopy3,modImplementationCopy4,modImplementationCopy5,modImplementationCopy6,modImplementationCopy7,modImplementationCopy8,modImplementationCopy9
net.fabricmc.fabric-api:fabric-transfer-api-v1:6.0.15+79ec2c126f=modImplementation,modImplementationCopy,modImplementationCopy10,modImplementationCopy11,modImplementationCopy12,modImplementationCopy13,modImplementationCopy14,modImplementationCopy15,modImplementationCopy16,modImplementationCopy17,modImplementationCopy18,modImplementationCopy19,modImplementationCopy2,modImplementationCopy20,modImplementationCopy21,modImplementationCopy22,modImplementationCopy23,modImplementationCopy3,modImplementationCopy4,modImplementationCopy5,modImplementationCopy6,modImplementationCopy7,modImplementationCopy8,modImplementationCopy9
net.fabricmc.fabric-api:fabric-transitive-access-wideners-v1:6.5.3+41eb43436f=modImplementation,modImplementationCopy,modImplementationCopy10,modImplementationCopy11,modImplementationCopy12,modImplementationCopy13,modImplementationCopy14,modImplementationCopy15,modImplementationCopy16,modImplementationCopy17,modImplementationCopy18,modImplementationCopy19,modImplementationCopy2,modImplementationCopy20,modImplementationCopy21,modImplementationCopy22,modImplementationCopy23,modImplementationCopy3,modImplementationCopy4,modImplementationCopy5,modImplementationCopy6,modImplementationCopy7,modImplementationCopy8,modImplementationCopy9
net.fabricmc:fabric-loader:0.17.2=modImplementation,modImplementationCopy,modImplementationCopy10,modImplementationCopy11,modImplementationCopy12,modImplementationCopy13,modImplementationCopy14,modImplementationCopy15,modImplementationCopy16,modImplementationCopy17,modImplementationCopy18,modImplementationCopy19,modImplementationCopy2,modImplementationCopy20,modImplementationCopy21,modImplementationCopy22,modImplementationCopy23,modImplementationCopy3,modImplementationCopy4,modImplementationCopy5,modImplementationCopy6,modImplementationCopy7,modImplementationCopy8,modImplementationCopy9
net.fabricmc:yarn:1.21.10+build.2=mappings
net.java.dev.jna:jna-platform:5.15.0=minecraftLibraries
net.java.dev.jna:jna:5.15.0=minecraftLibraries
net.minidev:accessors-smart:2.5.1=minecraftLibraries
net.minidev:json-smart:2.5.1=minecraftLibraries
net.sf.jopt-simple:jopt-simple:5.0.4=minecraftLibraries
org.apache.commons:commons-compress:1.27.1=minecraftLibraries
org.apache.commons:commons-lang3:3.17.0=minecraftLibraries
org.apache.httpcomponents:httpclient:4.5.14=minecraftLibraries
org.apache.httpcomponents:httpcore:4.4.16=minecraftLibraries
org.apache.logging.log4j:log4j-api:2.24.1=minecraftLibraries
org.apache.logging.log4j:log4j-core:2.24.1=minecraftLibraries
org.apache.logging.log4j:log4j-slf4j2-impl:2.24.1=minecraftLibraries
org.jcraft:jorbis:0.0.17=minecraftLibraries
org.joml:joml:1.10.8=minecraftLibraries
org.lwjgl:lwjgl-freetype:3.3.3=minecraftLibraries
org.lwjgl:lwjgl-glfw:3.3.3=minecraftLibraries
org.lwjgl:lwjgl-jemalloc:3.3.3=minecraftLibraries
org.lwjgl:lwjgl-openal:3.3.3=minecraftLibraries
org.lwjgl:lwjgl-opengl:3.3.3=minecraftLibraries
org.lwjgl:lwjgl-stb:3.3.3=minecraftLibraries
org.lwjgl:lwjgl-tinyfd:3.3.3=minecraftLibraries
org.lwjgl:lwjgl:3.3.3=minecraftLibraries
org.lz4:lz4-java:1.8.0=minecraftLibraries
org.ow2.asm:asm:9.6=minecraftLibraries
org.slf4j:slf4j-api:2.0.16=minecraftLibraries
empty=modApi,modApiCopy,modApiCopy10,modApiCopy11,modApiCopy12,modApiCopy13,modApiCopy14,modApiCopy15,modApiCopy16,modApiCopy17,modApiCopy18,modApiCopy19,modApiCopy2,modApiCopy20,modApiCopy21,modApiCopy22,modApiCopy23,modApiCopy3,modApiCopy4,modApiCopy5,modApiCopy6,modApiCopy7,modApiCopy8,modApiCopy9,modClientCompileOnly,modClientCompileOnlyCopy,modClientCompileOnlyCopy2,modClientCompileOnlyCopy3,modClientCompileOnlyCopy4,modClientCompileOnlyCopy5,modClientCompileOnlyCopy6,modClientCompileOnlyCopy7,modClientCompileOnlyCopy8,modClientImplementation,modClientImplementationCopy,modClientImplementationCopy10,modClientImplementationCopy11,modClientImplementationCopy12,modClientImplementationCopy13,modClientImplementationCopy14,modClientImplementationCopy15,modClientImplementationCopy16,modClientImplementationCopy2,modClientImplementationCopy3,modClientImplementationCopy4,modClientImplementationCopy5,modClientImplementationCopy6,modClientImplementationCopy7,modClientImplementationCopy8,modClientImplementationCopy9,modClientRuntimeOnly,modClientRuntimeOnlyCopy,modClientRuntimeOnlyCopy2,modClientRuntimeOnlyCopy3,modClientRuntimeOnlyCopy4,modClientRuntimeOnlyCopy5,modClientRuntimeOnlyCopy6,modClientRuntimeOnlyCopy7,modClientRuntimeOnlyCopy8,modCompileOnly,modCompileOnlyApi,modCompileOnlyApiCopy,modCompileOnlyApiCopy2,modCompileOnlyApiCopy3,modCompileOnlyApiCopy4,modCompileOnlyApiCopy5,modCompileOnlyApiCopy6,modCompileOnlyApiCopy7,modCompileOnlyApiCopy8,modCompileOnlyCopy,modCompileOnlyCopy2,modCompileOnlyCopy3,modCompileOnlyCopy4,modCompileOnlyCopy5,modCompileOnlyCopy6,modCompileOnlyCopy7,modCompileOnlyCopy8,modGametestCompileOnly,modGametestCompileOnlyCopy,modGametestImplementation,modGametestImplementationCopy,modGametestImplementationCopy2,modGametestRuntimeOnly,modGametestRuntimeOnlyCopy,modLocalRuntime,modLocalRuntimeCopy,modLocalRuntimeCopy10,modLocalRuntimeCopy11,modLocalRuntimeCopy12,modLocalRuntimeCopy13,modLocalRuntimeCopy14,modLocalRuntimeCopy15,modLocalRuntimeCopy2,modLocalRuntimeCopy3,modLocalRuntimeCopy4,modLocalRuntimeCopy5,modLocalRuntimeCopy6,modLocalRuntimeCopy7,modLocalRuntimeCopy8,modLocalRuntimeCopy9,modRuntimeOnly,modRuntimeOnlyCopy,modRuntimeOnlyCopy10,modRuntimeOnlyCopy11,modRuntimeOnlyCopy12,modRuntimeOnlyCopy13,modRuntimeOnlyCopy14,modRuntimeOnlyCopy15,modRuntimeOnlyCopy2,modRuntimeOnlyCopy3,modRuntimeOnlyCopy4,modRuntimeOnlyCopy5,modRuntimeOnlyCopy6,modRuntimeOnlyCopy7,modRuntimeOnlyCopy8,modRuntimeOnlyCopy9
